{
  "name": "shintimeline",
  "version": "1.0.0",
  "lockfileVersion": 1,
  "requires": true,
  "dependencies": {
    "shinevent": {
      "version": "2.1.6",
      "resolved": "https://registry.npmjs.org/shinevent/-/shinevent-2.1.6.tgz",
      "integrity": "sha512-PG1ianaH3tWnWl4PnQRROfE5f13GOqXAbwf6rsmyu9TMixW+MyyqT+nkeCRzvdVQdYs9nDbErV7uGaphm3dJKA=="
    }
  }
}
