{
  "name": "shintimeline",
  "version": "1.0.0",
  "lockfileVersion": 1,
  "requires": true,
  "dependencies": {
    "shinevent": {
      "version": "2.0.1",
      "resolved": "https://registry.npmjs.org/shinevent/-/shinevent-2.0.1.tgz",
      "integrity": "sha512-ZnuzIXh2sflY+1gt+p0kTJH4cdwbMTft5BUBBtvmaQbAJDTfcROuHRC4RZmZmrGuPaP4pNd1qxcYyEIw/bca/Q=="
    }
  }
}
